
Microsoft Visual Studio Solution File, Format Version 12.00
# Visual Studio Version 17
VisualStudioVersion = 17.8.34316.72
MinimumVisualStudioVersion = 10.0.40219.1
Project("{FAE04EC0-301F-11D3-BF4B-00C04F79EFBC}") = "GiftContributions.Web", "GiftContributions.Web\GiftContributions.Web.csproj", "{63BF553B-7B69-424E-A453-B897D6619B80}"
EndProject
Project("{FAE04EC0-301F-11D3-BF4B-00C04F79EFBC}") = "GiftContributions.Data", "GiftContributions.Data\GiftContributions.Data.csproj", "{7BB6695D-644B-4A0C-B492-1C428BB64BD1}"
EndProject
Global
	GlobalSection(SolutionConfigurationPlatforms) = preSolution
		Debug|Any CPU = Debug|Any CPU
		Release|Any CPU = Release|Any CPU
	EndGlobalSection
	GlobalSection(ProjectConfigurationPlatforms) = postSolution
		{63BF553B-7B69-424E-A453-B897D6619B80}.Debug|Any CPU.ActiveCfg = Debug|Any CPU
		{63BF553B-7B69-424E-A453-B897D6619B80}.Debug|Any CPU.Build.0 = Debug|Any CPU
		{63BF553B-7B69-424E-A453-B897D6619B80}.Release|Any CPU.ActiveCfg = Release|Any CPU
		{63BF553B-7B69-424E-A453-B897D6619B80}.Release|Any CPU.Build.0 = Release|Any CPU
		{7BB6695D-644B-4A0C-B492-1C428BB64BD1}.Debug|Any CPU.ActiveCfg = Debug|Any CPU
		{7BB6695D-644B-4A0C-B492-1C428BB64BD1}.Debug|Any CPU.Build.0 = Debug|Any CPU
		{7BB6695D-644B-4A0C-B492-1C428BB64BD1}.Release|Any CPU.ActiveCfg = Release|Any CPU
		{7BB6695D-644B-4A0C-B492-1C428BB64BD1}.Release|Any CPU.Build.0 = Release|Any CPU
	EndGlobalSection
	GlobalSection(SolutionProperties) = preSolution
		HideSolutionNode = FALSE
	EndGlobalSection
	GlobalSection(ExtensibilityGlobals) = postSolution
		SolutionGuid = {65AC06F5-C2B3-450E-BEF8-3DA2C61EB0E8}
	EndGlobalSection
EndGlobal
